// !$*UTF8*$!
{
	archiveVersion = 1;
	classes = {
	};
	objectVersion = 50;
	objects = {

/* Begin PBXBuildFile section */
		8A8139122105EA7500338559 /* AppDelegate.m in Sources */ = {isa = PBXBuildFile; fileRef = 8A8139112105EA7500338559 /* AppDelegate.m */; };
		8A8139152105EA7500338559 /* ViewController.m in Sources */ = {isa = PBXBuildFile; fileRef = 8A8139142105EA7500338559 /* ViewController.m */; };
		8A8139182105EA7500338559 /* Main.storyboard in Resources */ = {isa = PBXBuildFile; fileRef = 8A8139162105EA7500338559 /* Main.storyboard */; };
		8A81391A2105EA7700338559 /* Assets.xcassets in Resources */ = {isa = PBXBuildFile; fileRef = 8A8139192105EA7700338559 /* Assets.xcassets */; };
		8A81391D2105EA7700338559 /* LaunchScreen.storyboard in Resources */ = {isa = PBXBuildFile; fileRef = 8A81391B2105EA7700338559 /* LaunchScreen.storyboard */; };
		8A8139202105EA7700338559 /* main.m in Sources */ = {isa = PBXBuildFile; fileRef = 8A81391F2105EA7700338559 /* main.m */; };
		8A8139292105ED4D00338559 /* OGBaseEffect.m in Sources */ = {isa = PBXBuildFile; fileRef = 8A8139282105ED4D00338559 /* OGBaseEffect.m */; };
		8A81392B2105ED7400338559 /* OGSimpleFragment.glsl in Resources */ = {isa = PBXBuildFile; fileRef = 8A81392A2105ED7400338559 /* OGSimpleFragment.glsl */; };
		8A81392D2105ED9200338559 /* OGSimpleVertex.glsl in Resources */ = {isa = PBXBuildFile; fileRef = 8A81392C2105ED9200338559 /* OGSimpleVertex.glsl */; };
/* End PBXBuildFile section */

/* Begin PBXFileReference section */
		8A81390D2105EA7500338559 /* opengl_class.app */ = {isa = PBXFileReference; explicitFileType = wrapper.application; includeInIndex = 0; path = opengl_class.app; sourceTree = BUILT_PRODUCTS_DIR; };
		8A8139102105EA7500338559 /* AppDelegate.h */ = {isa = PBXFileReference; lastKnownFileType = sourcecode.c.h; path = AppDelegate.h; sourceTree = "<group>"; };
		8A8139112105EA7500338559 /* AppDelegate.m */ = {isa = PBXFileReference; lastKnownFileType = sourcecode.c.objc; path = AppDelegate.m; sourceTree = "<group>"; };
		8A8139132105EA7500338559 /* ViewController.h */ = {isa = PBXFileReference; lastKnownFileType = sourcecode.c.h; path = ViewController.h; sourceTree = "<group>"; };
		8A8139142105EA7500338559 /* ViewController.m */ = {isa = PBXFileReference; lastKnownFileType = sourcecode.c.objc; path = ViewController.m; sourceTree = "<group>"; };
		8A8139172105EA7500338559 /* Base */ = {isa = PBXFileReference; lastKnownFileType = file.storyboard; name = Base; path = Base.lproj/Main.storyboard; sourceTree = "<group>"; };
		8A8139192105EA7700338559 /* Assets.xcassets */ = {isa = PBXFileReference; lastKnownFileType = folder.assetcatalog; path = Assets.xcassets; sourceTree = "<group>"; };
		8A81391C2105EA7700338559 /* Base */ = {isa = PBXFileReference; lastKnownFileType = file.storyboard; name = Base; path = Base.lproj/LaunchScreen.storyboard; sourceTree = "<group>"; };
		8A81391E2105EA7700338559 /* Info.plist */ = {isa = PBXFileReference; lastKnownFileType = text.plist.xml; path = Info.plist; sourceTree = "<group>"; };
		8A81391F2105EA7700338559 /* main.m */ = {isa = PBXFileReference; lastKnownFileType = sourcecode.c.objc; path = main.m; sourceTree = "<group>"; };
		8A8139272105ED4D00338559 /* OGBaseEffect.h */ = {isa = PBXFileReference; lastKnownFileType = sourcecode.c.h; path = OGBaseEffect.h; sourceTree = "<group>"; };
		8A8139282105ED4D00338559 /* OGBaseEffect.m */ = {isa = PBXFileReference; lastKnownFileType = sourcecode.c.objc; path = OGBaseEffect.m; sourceTree = "<group>"; };
		8A81392A2105ED7400338559 /* OGSimpleFragment.glsl */ = {isa = PBXFileReference; explicitFileType = sourcecode.glsl; path = OGSimpleFragment.glsl; sourceTree = "<group>"; };
		8A81392C2105ED9200338559 /* OGSimpleVertex.glsl */ = {isa = PBXFileReference; explicitFileType = sourcecode.glsl; path = OGSimpleVertex.glsl; sourceTree = "<group>"; };
		8A81392E2105EDA600338559 /* OGVertex.h */ = {isa = PBXFileReference; explicitFileType = sourcecode.c.h; path = OGVertex.h; sourceTree = "<group>"; };
/* End PBXFileReference section */

/* Begin PBXFrameworksBuildPhase section */
		8A81390A2105EA7500338559 /* Frameworks */ = {
			isa = PBXFrameworksBuildPhase;
			buildActionMask = 2147483647;
			files = (
			);
			runOnlyForDeploymentPostprocessing = 0;
		};
/* End PBXFrameworksBuildPhase section */

/* Begin PBXGroup section */
		8A8139042105EA7500338559 = {
			isa = PBXGroup;
			children = (
				8A81390F2105EA7500338559 /* opengl_class */,
				8A81390E2105EA7500338559 /* Products */,
			);
			sourceTree = "<group>";
		};
		8A81390E2105EA7500338559 /* Products */ = {
			isa = PBXGroup;
			children = (
				8A81390D2105EA7500338559 /* opengl_class.app */,
			);
			name = Products;
			sourceTree = "<group>";
		};
		8A81390F2105EA7500338559 /* opengl_class */ = {
			isa = PBXGroup;
			children = (
				8A8139262105ED1300338559 /* Demo Resources */,
				8A8139102105EA7500338559 /* AppDelegate.h */,
				8A8139112105EA7500338559 /* AppDelegate.m */,
				8A8139132105EA7500338559 /* ViewController.h */,
				8A8139142105EA7500338559 /* ViewController.m */,
				8A8139162105EA7500338559 /* Main.storyboard */,
				8A8139192105EA7700338559 /* Assets.xcassets */,
				8A81391B2105EA7700338559 /* LaunchScreen.storyboard */,
				8A81391E2105EA7700338559 /* Info.plist */,
				8A81391F2105EA7700338559 /* main.m */,
			);
			path = opengl_class;
			sourceTree = "<group>";
		};
		8A8139262105ED1300338559 /* Demo Resources */ = {
			isa = PBXGroup;
			children = (
				8A8139272105ED4D00338559 /* OGBaseEffect.h */,
				8A8139282105ED4D00338559 /* OGBaseEffect.m */,
				8A81392A2105ED7400338559 /* OGSimpleFragment.glsl */,
				8A81392C2105ED9200338559 /* OGSimpleVertex.glsl */,
				8A81392E2105EDA600338559 /* OGVertex.h */,
			);
			path = "Demo Resources";
			sourceTree = "<group>";
		};
/* End PBXGroup section */

/* Begin PBXNativeTarget section */
		8A81390C2105EA7500338559 /* opengl_class */ = {
			isa = PBXNativeTarget;
			buildConfigurationList = 8A8139232105EA7700338559 /* Build configuration list for PBXNativeTarget "opengl_class" */;
			buildPhases = (
				8A8139092105EA7500338559 /* Sources */,
				8A81390A2105EA7500338559 /* Frameworks */,
				8A81390B2105EA7500338559 /* Resources */,
			);
			buildRules = (
			);
			dependencies = (
			);
			name = opengl_class;
			productName = opengl_class;
			productReference = 8A81390D2105EA7500338559 /* opengl_class.app */;
			productType = "com.apple.product-type.application";
		};
/* End PBXNativeTarget section */

/* Begin PBXProject section */
		8A8139052105EA7500338559 /* Project object */ = {
			isa = PBXProject;
			attributes = {
				LastUpgradeCheck = 0930;
				ORGANIZATIONNAME = ihandy;
				TargetAttributes = {
					8A81390C2105EA7500338559 = {
						CreatedOnToolsVersion = 9.3;
					};
				};
			};
			buildConfigurationList = 8A8139082105EA7500338559 /* Build configuration list for PBXProject "opengl_class" */;
			compatibilityVersion = "Xcode 9.3";
			developmentRegion = en;
			hasScannedForEncodings = 0;
			knownRegions = (
				en,
				Base,
			);
			mainGroup = 8A8139042105EA7500338559;
			productRefGroup = 8A81390E2105EA7500338559 /* Products */;
			projectDirPath = "";
			projectRoot = "";
			targets = (
				8A81390C2105EA7500338559 /* opengl_class */,
			);
		};
/* End PBXProject section */

/* Begin PBXResourcesBuildPhase section */
		8A81390B2105EA7500338559 /* Resources */ = {
			isa = PBXResourcesBuildPhase;
			buildActionMask = 2147483647;
			files = (
				8A81391D2105EA7700338559 /* LaunchScreen.storyboard in Resources */,
				8A81392D2105ED9200338559 /* OGSimpleVertex.glsl in Resources */,
				8A81392B2105ED7400338559 /* OGSimpleFragment.glsl in Resources */,
				8A81391A2105EA7700338559 /* Assets.xcassets in Resources */,
				8A8139182105EA7500338559 /* Main.storyboard in Resources */,
			);
			runOnlyForDeploymentPostprocessing = 0;
		};
/* End PBXResourcesBuildPhase section */

/* Begin PBXSourcesBuildPhase section */
		8A8139092105EA7500338559 /* Sources */ = {
			isa = PBXSourcesBuildPhase;
			buildActionMask = 2147483647;
			files = (
				8A8139152105EA7500338559 /* ViewController.m in Sources */,
				8A8139202105EA7700338559 /* main.m in Sources */,
				8A8139122105EA7500338559 /* AppDelegate.m in Sources */,
				8A8139292105ED4D00338559 /* OGBaseEffect.m in Sources */,
			);
			runOnlyForDeploymentPostprocessing = 0;
		};
/* End PBXSourcesBuildPhase section */

/* Begin PBXVariantGroup section */
		8A8139162105EA7500338559 /* Main.storyboard */ = {
			isa = PBXVariantGroup;
			children = (
				8A8139172105EA7500338559 /* Base */,
			);
			name = Main.storyboard;
			sourceTree = "<group>";
		};
		8A81391B2105EA7700338559 /* LaunchScreen.storyboard */ = {
			isa = PBXVariantGroup;
			children = (
				8A81391C2105EA7700338559 /* Base */,
			);
			name = LaunchScreen.storyboard;
			sourceTree = "<group>";
		};
/* End PBXVariantGroup section */

/* Begin XCBuildConfiguration section */
		8A8139212105EA7700338559 /* Debug */ = {
			isa = XCBuildConfiguration;
			buildSettings = {
				ALWAYS_SEARCH_USER_PATHS = NO;
				CLANG_ANALYZER_NONNULL = YES;
				CLANG_ANALYZER_NUMBER_OBJECT_CONVERSION = YES_AGGRESSIVE;
				CLANG_CXX_LANGUAGE_STANDARD = "gnu++14";
				CLANG_CXX_LIBRARY = "libc++";
				CLANG_ENABLE_MODULES = YES;
				CLANG_ENABLE_OBJC_ARC = YES;
				CLANG_ENABLE_OBJC_WEAK = YES;
				CLANG_WARN_BLOCK_CAPTURE_AUTORELEASING = YES;
				CLANG_WARN_BOOL_CONVERSION = YES;
				CLANG_WARN_COMMA = YES;
				CLANG_WARN_CONSTANT_CONVERSION = YES;
				CLANG_WARN_DEPRECATED_OBJC_IMPLEMENTATIONS = YES;
				CLANG_WARN_DIRECT_OBJC_ISA_USAGE = YES_ERROR;
				CLANG_WARN_DOCUMENTATION_COMMENTS = YES;
				CLANG_WARN_EMPTY_BODY = YES;
				CLANG_WARN_ENUM_CONVERSION = YES;
				CLANG_WARN_INFINITE_RECURSION = YES;
				CLANG_WARN_INT_CONVERSION = YES;
				CLANG_WARN_NON_LITERAL_NULL_CONVERSION = YES;
				CLANG_WARN_OBJC_IMPLICIT_RETAIN_SELF = YES;
				CLANG_WARN_OBJC_LITERAL_CONVERSION = YES;
				CLANG_WARN_OBJC_ROOT_CLASS = YES_ERROR;
				CLANG_WARN_RANGE_LOOP_ANALYSIS = YES;
				CLANG_WARN_STRICT_PROTOTYPES = YES;
				CLANG_WARN_SUSPICIOUS_MOVE = YES;
				CLANG_WARN_UNGUARDED_AVAILABILITY = YES_AGGRESSIVE;
				CLANG_WARN_UNREACHABLE_CODE = YES;
				CLANG_WARN__DUPLICATE_METHOD_MATCH = YES;
				CODE_SIGN_IDENTITY = "iPhone Developer";
				COPY_PHASE_STRIP = NO;
				DEBUG_INFORMATION_FORMAT = dwarf;
				ENABLE_STRICT_OBJC_MSGSEND = YES;
				ENABLE_TESTABILITY = YES;
				GCC_C_LANGUAGE_STANDARD = gnu11;
				GCC_DYNAMIC_NO_PIC = NO;
				GCC_NO_COMMON_BLOCKS = YES;
				GCC_OPTIMIZATION_LEVEL = 0;
				GCC_PREPROCESSOR_DEFINITIONS = (
					"DEBUG=1",
					"$(inherited)",
				);
				GCC_WARN_64_TO_32_BIT_CONVERSION = YES;
				GCC_WARN_ABOUT_RETURN_TYPE = YES_ERROR;
				GCC_WARN_UNDECLARED_SELECTOR = YES;
				GCC_WARN_UNINITIALIZED_AUTOS = YES_AGGRESSIVE;
				GCC_WARN_UNUSED_FUNCTION = YES;
				GCC_WARN_UNUSED_VARIABLE = YES;
				IPHONEOS_DEPLOYMENT_TARGET = 11.3;
				MTL_ENABLE_DEBUG_INFO = YES;
				ONLY_ACTIVE_ARCH = YES;
				SDKROOT = iphoneos;
			};
			name = Debug;
		};
		8A8139222105EA7700338559 /* Release */ = {
			isa = XCBuildConfiguration;
			buildSettings = {
				ALWAYS_SEARCH_USER_PATHS = NO;
				CLANG_ANALYZER_NONNULL = YES;
				CLANG_ANALYZER_NUMBER_OBJECT_CONVERSION = YES_AGGRESSIVE;
				CLANG_CXX_LANGUAGE_STANDARD = "gnu++14";
				CLANG_CXX_LIBRARY = "libc++";
				CLANG_ENABLE_MODULES = YES;
				CLANG_ENABLE_OBJC_ARC = YES;
				CLANG_ENABLE_OBJC_WEAK = YES;
				CLANG_WARN_BLOCK_CAPTURE_AUTORELEASING = YES;
				CLANG_WARN_BOOL_CONVERSION = YES;
				CLANG_WARN_COMMA = YES;
				CLANG_WARN_CONSTANT_CONVERSION = YES;
				CLANG_WARN_DEPRECATED_OBJC_IMPLEMENTATIONS = YES;
				CLANG_WARN_DIRECT_OBJC_ISA_USAGE = YES_ERROR;
				CLANG_WARN_DOCUMENTATION_COMMENTS = YES;
				CLANG_WARN_EMPTY_BODY = YES;
				CLANG_WARN_ENUM_CONVERSION = YES;
				CLANG_WARN_INFINITE_RECURSION = YES;
				CLANG_WARN_INT_CONVERSION = YES;
				CLANG_WARN_NON_LITERAL_NULL_CONVERSION = YES;
				CLANG_WARN_OBJC_IMPLICIT_RETAIN_SELF = YES;
				CLANG_WARN_OBJC_LITERAL_CONVERSION = YES;
				CLANG_WARN_OBJC_ROOT_CLASS = YES_ERROR;
				CLANG_WARN_RANGE_LOOP_ANALYSIS = YES;
				CLANG_WARN_STRICT_PROTOTYPES = YES;
				CLANG_WARN_SUSPICIOUS_MOVE = YES;
				CLANG_WARN_UNGUARDED_AVAILABILITY = YES_AGGRESSIVE;
				CLANG_WARN_UNREACHABLE_CODE = YES;
				CLANG_WARN__DUPLICATE_METHOD_MATCH = YES;
				CODE_SIGN_IDENTITY = "iPhone Developer";
				COPY_PHASE_STRIP = NO;
				DEBUG_INFORMATION_FORMAT = "dwarf-with-dsym";
				ENABLE_NS_ASSERTIONS = NO;
				ENABLE_STRICT_OBJC_MSGSEND = YES;
				GCC_C_LANGUAGE_STANDARD = gnu11;
				GCC_NO_COMMON_BLOCKS = YES;
				GCC_WARN_64_TO_32_BIT_CONVERSION = YES;
				GCC_WARN_ABOUT_RETURN_TYPE = YES_ERROR;
				GCC_WARN_UNDECLARED_SELECTOR = YES;
				GCC_WARN_UNINITIALIZED_AUTOS = YES_AGGRESSIVE;
				GCC_WARN_UNUSED_FUNCTION = YES;
				GCC_WARN_UNUSED_VARIABLE = YES;
				IPHONEOS_DEPLOYMENT_TARGET = 11.3;
				MTL_ENABLE_DEBUG_INFO = NO;
				SDKROOT = iphoneos;
				VALIDATE_PRODUCT = YES;
			};
			name = Release;
		};
		8A8139242105EA7700338559 /* Debug */ = {
			isa = XCBuildConfiguration;
			buildSettings = {
				ASSETCATALOG_COMPILER_APPICON_NAME = AppIcon;
				CODE_SIGN_STYLE = Manual;
				DEVELOPMENT_TEAM = "";
				INFOPLIST_FILE = opengl_class/Info.plist;
				LD_RUNPATH_SEARCH_PATHS = (
					"$(inherited)",
					"@executable_path/Frameworks",
				);
				PRODUCT_BUNDLE_IDENTIFIER = "com.ihandysoft.opengl-class";
				PRODUCT_NAME = "$(TARGET_NAME)";
				PROVISIONING_PROFILE_SPECIFIER = "";
				TARGETED_DEVICE_FAMILY = "1,2";
			};
			name = Debug;
		};
		8A8139252105EA7700338559 /* Release */ = {
			isa = XCBuildConfiguration;
			buildSettings = {
				ASSETCATALOG_COMPILER_APPICON_NAME = AppIcon;
				CODE_SIGN_STYLE = Manual;
				DEVELOPMENT_TEAM = "";
				INFOPLIST_FILE = opengl_class/Info.plist;
				LD_RUNPATH_SEARCH_PATHS = (
					"$(inherited)",
					"@executable_path/Frameworks",
				);
				PRODUCT_BUNDLE_IDENTIFIER = "com.ihandysoft.opengl-class";
				PRODUCT_NAME = "$(TARGET_NAME)";
				PROVISIONING_PROFILE_SPECIFIER = "";
				TARGETED_DEVICE_FAMILY = "1,2";
			};
			name = Release;
		};
/* End XCBuildConfiguration section */

/* Begin XCConfigurationList section */
		8A8139082105EA7500338559 /* Build configuration list for PBXProject "opengl_class" */ = {
			isa = XCConfigurationList;
			buildConfigurations = (
				8A8139212105EA7700338559 /* Debug */,
				8A8139222105EA7700338559 /* Release */,
			);
			defaultConfigurationIsVisible = 0;
			defaultConfigurationName = Release;
		};
		8A8139232105EA7700338559 /* Build configuration list for PBXNativeTarget "opengl_class" */ = {
			isa = XCConfigurationList;
			buildConfigurations = (
				8A8139242105EA7700338559 /* Debug */,
				8A8139252105EA7700338559 /* Release */,
			);
			defaultConfigurationIsVisible = 0;
			defaultConfigurationName = Release;
		};
/* End XCConfigurationList section */
	};
	rootObject = 8A8139052105EA7500338559 /* Project object */;
}
